// !$*UTF8*$!
{
	archiveVersion = 1;
	classes = {
	};
	objectVersion = 55;
	objects = {

/* Begin PBXBuildFile section */
		B0116B71270C248800F117C8 /* landmarkData.json in Resources */ = {isa = PBXBuildFile; fileRef = B0116B70270C248800F117C8 /* landmarkData.json */; };
		B0116B73270C24D600F117C8 /* Landmark.swift in Sources */ = {isa = PBXBuildFile; fileRef = B0116B72270C24D600F117C8 /* Landmark.swift */; };
		B0116B75270C28C300F117C8 /* ModelData.swift in Sources */ = {isa = PBXBuildFile; fileRef = B0116B74270C28C300F117C8 /* ModelData.swift */; };
		B0116B7A270C2D8F00F117C8 /* LandmarkRow.swift in Sources */ = {isa = PBXBuildFile; fileRef = B0116B79270C2D8F00F117C8 /* LandmarkRow.swift */; };
		B0116B7C270C30C500F117C8 /* LandmarkList.swift in Sources */ = {isa = PBXBuildFile; fileRef = B0116B7B270C30C500F117C8 /* LandmarkList.swift */; };
		B0116B7E270C331500F117C8 /* LandmarkDetail.swift in Sources */ = {isa = PBXBuildFile; fileRef = B0116B7D270C331500F117C8 /* LandmarkDetail.swift */; };
		FFBE70D22702F16C00A79410 /* LandmarksApp.swift in Sources */ = {isa = PBXBuildFile; fileRef = FFBE70D12702F16C00A79410 /* LandmarksApp.swift */; };
		FFBE70D42702F16C00A79410 /* ContentView.swift in Sources */ = {isa = PBXBuildFile; fileRef = FFBE70D32702F16C00A79410 /* ContentView.swift */; };
		FFBE70D62702F16D00A79410 /* Assets.xcassets in Resources */ = {isa = PBXBuildFile; fileRef = FFBE70D52702F16D00A79410 /* Assets.xcassets */; };
		FFBE70D92702F16D00A79410 /* Preview Assets.xcassets in Resources */ = {isa = PBXBuildFile; fileRef = FFBE70D82702F16D00A79410 /* Preview Assets.xcassets */; };
		FFBE70E02702F5A600A79410 /* CircleImage.swift in Sources */ = {isa = PBXBuildFile; fileRef = FFBE70DF2702F5A600A79410 /* CircleImage.swift */; };
		FFBE70E22702F6FA00A79410 /* MapView.swift in Sources */ = {isa = PBXBuildFile; fileRef = FFBE70E12702F6FA00A79410 /* MapView.swift */; };
		FFDF6E5E271569BC00F9BCB3 /* FavoriteButton.swift in Sources */ = {isa = PBXBuildFile; fileRef = FFDF6E5D271569BC00F9BCB3 /* FavoriteButton.swift */; };
/* End PBXBuildFile section */

/* Begin PBXFileReference section */
		B0116B70270C248800F117C8 /* landmarkData.json */ = {isa = PBXFileReference; fileEncoding = 4; lastKnownFileType = text.json; path = landmarkData.json; sourceTree = "<group>"; };
		B0116B72270C24D600F117C8 /* Landmark.swift */ = {isa = PBXFileReference; lastKnownFileType = sourcecode.swift; path = Landmark.swift; sourceTree = "<group>"; };
		B0116B74270C28C300F117C8 /* ModelData.swift */ = {isa = PBXFileReference; lastKnownFileType = sourcecode.swift; path = ModelData.swift; sourceTree = "<group>"; };
		B0116B79270C2D8F00F117C8 /* LandmarkRow.swift */ = {isa = PBXFileReference; lastKnownFileType = sourcecode.swift; path = LandmarkRow.swift; sourceTree = "<group>"; };
		B0116B7B270C30C500F117C8 /* LandmarkList.swift */ = {isa = PBXFileReference; lastKnownFileType = sourcecode.swift; path = LandmarkList.swift; sourceTree = "<group>"; };
		B0116B7D270C331500F117C8 /* LandmarkDetail.swift */ = {isa = PBXFileReference; lastKnownFileType = sourcecode.swift; path = LandmarkDetail.swift; sourceTree = "<group>"; };
		FFBE70CE2702F16C00A79410 /* Landmarks.app */ = {isa = PBXFileReference; explicitFileType = wrapper.application; includeInIndex = 0; path = Landmarks.app; sourceTree = BUILT_PRODUCTS_DIR; };
		FFBE70D12702F16C00A79410 /* LandmarksApp.swift */ = {isa = PBXFileReference; lastKnownFileType = sourcecode.swift; path = LandmarksApp.swift; sourceTree = "<group>"; };
		FFBE70D32702F16C00A79410 /* ContentView.swift */ = {isa = PBXFileReference; lastKnownFileType = sourcecode.swift; path = ContentView.swift; sourceTree = "<group>"; };
		FFBE70D52702F16D00A79410 /* Assets.xcassets */ = {isa = PBXFileReference; lastKnownFileType = folder.assetcatalog; path = Assets.xcassets; sourceTree = "<group>"; };
		FFBE70D82702F16D00A79410 /* Preview Assets.xcassets */ = {isa = PBXFileReference; lastKnownFileType = folder.assetcatalog; path = "Preview Assets.xcassets"; sourceTree = "<group>"; };
		FFBE70DF2702F5A600A79410 /* CircleImage.swift */ = {isa = PBXFileReference; lastKnownFileType = sourcecode.swift; path = CircleImage.swift; sourceTree = "<group>"; };
		FFBE70E12702F6FA00A79410 /* MapView.swift */ = {isa = PBXFileReference; lastKnownFileType = sourcecode.swift; path = MapView.swift; sourceTree = "<group>"; };
		FFDF6E5D271569BC00F9BCB3 /* FavoriteButton.swift */ = {isa = PBXFileReference; lastKnownFileType = sourcecode.swift; path = FavoriteButton.swift; sourceTree = "<group>"; };
/* End PBXFileReference section */

/* Begin PBXFrameworksBuildPhase section */
		FFBE70CB2702F16B00A79410 /* Frameworks */ = {
			isa = PBXFrameworksBuildPhase;
			buildActionMask = 2147483647;
			files = (
			);
			runOnlyForDeploymentPostprocessing = 0;
		};
/* End PBXFrameworksBuildPhase section */

/* Begin PBXGroup section */
		B0116B76270C2C1E00F117C8 /* Views */ = {
			isa = PBXGroup;
			children = (
				FFBE70D32702F16C00A79410 /* ContentView.swift */,
				FFDF6E6027156B6200F9BCB3 /* Helpers */,
				FFDF6E5F27156B5500F9BCB3 /* Landmarks */,
			);
			path = Views;
			sourceTree = "<group>";
		};
		B0116B77270C2C4C00F117C8 /* Model */ = {
			isa = PBXGroup;
			children = (
				B0116B74270C28C300F117C8 /* ModelData.swift */,
				B0116B72270C24D600F117C8 /* Landmark.swift */,
			);
			path = Model;
			sourceTree = "<group>";
		};
		B0116B78270C2C5000F117C8 /* Resources */ = {
			isa = PBXGroup;
			children = (
				B0116B70270C248800F117C8 /* landmarkData.json */,
			);
			path = Resources;
			sourceTree = "<group>";
		};
		FFBE70C52702F16B00A79410 = {
			isa = PBXGroup;
			children = (
				FFBE70D02702F16C00A79410 /* Landmarks */,
				FFBE70CF2702F16C00A79410 /* Products */,
			);
			sourceTree = "<group>";
		};
		FFBE70CF2702F16C00A79410 /* Products */ = {
			isa = PBXGroup;
			children = (
				FFBE70CE2702F16C00A79410 /* Landmarks.app */,
			);
			name = Products;
			sourceTree = "<group>";
		};
		FFBE70D02702F16C00A79410 /* Landmarks */ = {
			isa = PBXGroup;
			children = (
				B0116B76270C2C1E00F117C8 /* Views */,
				B0116B77270C2C4C00F117C8 /* Model */,
				B0116B78270C2C5000F117C8 /* Resources */,
				FFBE70D12702F16C00A79410 /* LandmarksApp.swift */,
				FFBE70D52702F16D00A79410 /* Assets.xcassets */,
				FFBE70D72702F16D00A79410 /* Preview Content */,
			);
			path = Landmarks;
			sourceTree = "<group>";
		};
		FFBE70D72702F16D00A79410 /* Preview Content */ = {
			isa = PBXGroup;
			children = (
				FFBE70D82702F16D00A79410 /* Preview Assets.xcassets */,
			);
			path = "Preview Content";
			sourceTree = "<group>";
		};
		FFDF6E5F27156B5500F9BCB3 /* Landmarks */ = {
			isa = PBXGroup;
			children = (
				B0116B79270C2D8F00F117C8 /* LandmarkRow.swift */,
				B0116B7B270C30C500F117C8 /* LandmarkList.swift */,
				B0116B7D270C331500F117C8 /* LandmarkDetail.swift */,
			);
			path = Landmarks;
			sourceTree = "<group>";
		};
		FFDF6E6027156B6200F9BCB3 /* Helpers */ = {
			isa = PBXGroup;
			children = (
				FFBE70E12702F6FA00A79410 /* MapView.swift */,
				FFBE70DF2702F5A600A79410 /* CircleImage.swift */,
				FFDF6E5D271569BC00F9BCB3 /* FavoriteButton.swift */,
			);
			path = Helpers;
			sourceTree = "<group>";
		};
/* End PBXGroup section */

/* Begin PBXNativeTarget section */
		FFBE70CD2702F16B00A79410 /* Landmarks */ = {
			isa = PBXNativeTarget;
			buildConfigurationList = FFBE70DC2702F16D00A79410 /* Build configuration list for PBXNativeTarget "Landmarks" */;
			buildPhases = (
				FFBE70CA2702F16B00A79410 /* Sources */,
				FFBE70CB2702F16B00A79410 /* Frameworks */,
				FFBE70CC2702F16B00A79410 /* Resources */,
			);
			buildRules = (
			);
			dependencies = (
			);
			name = Landmarks;
			productName = Landmarks;
			productReference = FFBE70CE2702F16C00A79410 /* Landmarks.app */;
			productType = "com.apple.product-type.application";
		};
/* End PBXNativeTarget section */

/* Begin PBXProject section */
		FFBE70C62702F16B00A79410 /* Project object */ = {
			isa = PBXProject;
			attributes = {
				BuildIndependentTargetsInParallel = 1;
				LastSwiftUpdateCheck = 1300;
				LastUpgradeCheck = 1300;
				TargetAttributes = {
					FFBE70CD2702F16B00A79410 = {
						CreatedOnToolsVersion = 13.0;
					};
				};
			};
			buildConfigurationList = FFBE70C92702F16B00A79410 /* Build configuration list for PBXProject "Landmarks" */;
			compatibilityVersion = "Xcode 13.0";
			developmentRegion = en;
			hasScannedForEncodings = 0;
			knownRegions = (
				en,
				Base,
			);
			mainGroup = FFBE70C52702F16B00A79410;
			productRefGroup = FFBE70CF2702F16C00A79410 /* Products */;
			projectDirPath = "";
			projectRoot = "";
			targets = (
				FFBE70CD2702F16B00A79410 /* Landmarks */,
			);
		};
/* End PBXProject section */

/* Begin PBXResourcesBuildPhase section */
		FFBE70CC2702F16B00A79410 /* Resources */ = {
			isa = PBXResourcesBuildPhase;
			buildActionMask = 2147483647;
			files = (
				FFBE70D92702F16D00A79410 /* Preview Assets.xcassets in Resources */,
				FFBE70D62702F16D00A79410 /* Assets.xcassets in Resources */,
				B0116B71270C248800F117C8 /* landmarkData.json in Resources */,
			);
			runOnlyForDeploymentPostprocessing = 0;
		};
/* End PBXResourcesBuildPhase section */

/* Begin PBXSourcesBuildPhase section */
		FFBE70CA2702F16B00A79410 /* Sources */ = {
			isa = PBXSourcesBuildPhase;
			buildActionMask = 2147483647;
			files = (
				FFBE70D42702F16C00A79410 /* ContentView.swift in Sources */,
				FFBE70E22702F6FA00A79410 /* MapView.swift in Sources */,
				FFBE70D22702F16C00A79410 /* LandmarksApp.swift in Sources */,
				FFDF6E5E271569BC00F9BCB3 /* FavoriteButton.swift in Sources */,
				B0116B7C270C30C500F117C8 /* LandmarkList.swift in Sources */,
				B0116B7E270C331500F117C8 /* LandmarkDetail.swift in Sources */,
				FFBE70E02702F5A600A79410 /* CircleImage.swift in Sources */,
				B0116B73270C24D600F117C8 /* Landmark.swift in Sources */,
				B0116B7A270C2D8F00F117C8 /* LandmarkRow.swift in Sources */,
				B0116B75270C28C300F117C8 /* ModelData.swift in Sources */,
			);
			runOnlyForDeploymentPostprocessing = 0;
		};
/* End PBXSourcesBuildPhase section */

/* Begin XCBuildConfiguration section */
		FFBE70DA2702F16D00A79410 /* Debug */ = {
			isa = XCBuildConfiguration;
			buildSettings = {
				ALWAYS_SEARCH_USER_PATHS = NO;
				CLANG_ANALYZER_NONNULL = YES;
				CLANG_ANALYZER_NUMBER_OBJECT_CONVERSION = YES_AGGRESSIVE;
				CLANG_CXX_LANGUAGE_STANDARD = "gnu++17";
				CLANG_CXX_LIBRARY = "libc++";
				CLANG_ENABLE_MODULES = YES;
				CLANG_ENABLE_OBJC_ARC = YES;
				CLANG_ENABLE_OBJC_WEAK = YES;
				CLANG_WARN_BLOCK_CAPTURE_AUTORELEASING = YES;
				CLANG_WARN_BOOL_CONVERSION = YES;
				CLANG_WARN_COMMA = YES;
				CLANG_WARN_CONSTANT_CONVERSION = YES;
				CLANG_WARN_DEPRECATED_OBJC_IMPLEMENTATIONS = YES;
				CLANG_WARN_DIRECT_OBJC_ISA_USAGE = YES_ERROR;
				CLANG_WARN_DOCUMENTATION_COMMENTS = YES;
				CLANG_WARN_EMPTY_BODY = YES;
				CLANG_WARN_ENUM_CONVERSION = YES;
				CLANG_WARN_INFINITE_RECURSION = YES;
				CLANG_WARN_INT_CONVERSION = YES;
				CLANG_WARN_NON_LITERAL_NULL_CONVERSION = YES;
				CLANG_WARN_OBJC_IMPLICIT_RETAIN_SELF = YES;
				CLANG_WARN_OBJC_LITERAL_CONVERSION = YES;
				CLANG_WARN_OBJC_ROOT_CLASS = YES_ERROR;
				CLANG_WARN_QUOTED_INCLUDE_IN_FRAMEWORK_HEADER = YES;
				CLANG_WARN_RANGE_LOOP_ANALYSIS = YES;
				CLANG_WARN_STRICT_PROTOTYPES = YES;
				CLANG_WARN_SUSPICIOUS_MOVE = YES;
				CLANG_WARN_UNGUARDED_AVAILABILITY = YES_AGGRESSIVE;
				CLANG_WARN_UNREACHABLE_CODE = YES;
				CLANG_WARN__DUPLICATE_METHOD_MATCH = YES;
				COPY_PHASE_STRIP = NO;
				DEBUG_INFORMATION_FORMAT = dwarf;
				ENABLE_STRICT_OBJC_MSGSEND = YES;
				ENABLE_TESTABILITY = YES;
				GCC_C_LANGUAGE_STANDARD = gnu11;
				GCC_DYNAMIC_NO_PIC = NO;
				GCC_NO_COMMON_BLOCKS = YES;
				GCC_OPTIMIZATION_LEVEL = 0;
				GCC_PREPROCESSOR_DEFINITIONS = (
					"DEBUG=1",
					"$(inherited)",
				);
				GCC_WARN_64_TO_32_BIT_CONVERSION = YES;
				GCC_WARN_ABOUT_RETURN_TYPE = YES_ERROR;
				GCC_WARN_UNDECLARED_SELECTOR = YES;
				GCC_WARN_UNINITIALIZED_AUTOS = YES_AGGRESSIVE;
				GCC_WARN_UNUSED_FUNCTION = YES;
				GCC_WARN_UNUSED_VARIABLE = YES;
				IPHONEOS_DEPLOYMENT_TARGET = 15.0;
				MTL_ENABLE_DEBUG_INFO = INCLUDE_SOURCE;
				MTL_FAST_MATH = YES;
				ONLY_ACTIVE_ARCH = YES;
				SDKROOT = iphoneos;
				SWIFT_ACTIVE_COMPILATION_CONDITIONS = DEBUG;
				SWIFT_OPTIMIZATION_LEVEL = "-Onone";
			};
			name = Debug;
		};
		FFBE70DB2702F16D00A79410 /* Release */ = {
			isa = XCBuildConfiguration;
			buildSettings = {
				ALWAYS_SEARCH_USER_PATHS = NO;
				CLANG_ANALYZER_NONNULL = YES;
				CLANG_ANALYZER_NUMBER_OBJECT_CONVERSION = YES_AGGRESSIVE;
				CLANG_CXX_LANGUAGE_STANDARD = "gnu++17";
				CLANG_CXX_LIBRARY = "libc++";
				CLANG_ENABLE_MODULES = YES;
				CLANG_ENABLE_OBJC_ARC = YES;
				CLANG_ENABLE_OBJC_WEAK = YES;
				CLANG_WARN_BLOCK_CAPTURE_AUTORELEASING = YES;
				CLANG_WARN_BOOL_CONVERSION = YES;
				CLANG_WARN_COMMA = YES;
				CLANG_WARN_CONSTANT_CONVERSION = YES;
				CLANG_WARN_DEPRECATED_OBJC_IMPLEMENTATIONS = YES;
				CLANG_WARN_DIRECT_OBJC_ISA_USAGE = YES_ERROR;
				CLANG_WARN_DOCUMENTATION_COMMENTS = YES;
				CLANG_WARN_EMPTY_BODY = YES;
				CLANG_WARN_ENUM_CONVERSION = YES;
				CLANG_WARN_INFINITE_RECURSION = YES;
				CLANG_WARN_INT_CONVERSION = YES;
				CLANG_WARN_NON_LITERAL_NULL_CONVERSION = YES;
				CLANG_WARN_OBJC_IMPLICIT_RETAIN_SELF = YES;
				CLANG_WARN_OBJC_LITERAL_CONVERSION = YES;
				CLANG_WARN_OBJC_ROOT_CLASS = YES_ERROR;
				CLANG_WARN_QUOTED_INCLUDE_IN_FRAMEWORK_HEADER = YES;
				CLANG_WARN_RANGE_LOOP_ANALYSIS = YES;
				CLANG_WARN_STRICT_PROTOTYPES = YES;
				CLANG_WARN_SUSPICIOUS_MOVE = YES;
				CLANG_WARN_UNGUARDED_AVAILABILITY = YES_AGGRESSIVE;
				CLANG_WARN_UNREACHABLE_CODE = YES;
				CLANG_WARN__DUPLICATE_METHOD_MATCH = YES;
				COPY_PHASE_STRIP = NO;
				DEBUG_INFORMATION_FORMAT = "dwarf-with-dsym";
				ENABLE_NS_ASSERTIONS = NO;
				ENABLE_STRICT_OBJC_MSGSEND = YES;
				GCC_C_LANGUAGE_STANDARD = gnu11;
				GCC_NO_COMMON_BLOCKS = YES;
				GCC_WARN_64_TO_32_BIT_CONVERSION = YES;
				GCC_WARN_ABOUT_RETURN_TYPE = YES_ERROR;
				GCC_WARN_UNDECLARED_SELECTOR = YES;
				GCC_WARN_UNINITIALIZED_AUTOS = YES_AGGRESSIVE;
				GCC_WARN_UNUSED_FUNCTION = YES;
				GCC_WARN_UNUSED_VARIABLE = YES;
				IPHONEOS_DEPLOYMENT_TARGET = 15.0;
				MTL_ENABLE_DEBUG_INFO = NO;
				MTL_FAST_MATH = YES;
				SDKROOT = iphoneos;
				SWIFT_COMPILATION_MODE = wholemodule;
				SWIFT_OPTIMIZATION_LEVEL = "-O";
				VALIDATE_PRODUCT = YES;
			};
			name = Release;
		};
		FFBE70DD2702F16D00A79410 /* Debug */ = {
			isa = XCBuildConfiguration;
			buildSettings = {
				ASSETCATALOG_COMPILER_APPICON_NAME = AppIcon;
				ASSETCATALOG_COMPILER_GLOBAL_ACCENT_COLOR_NAME = AccentColor;
				CODE_SIGN_STYLE = Automatic;
				CURRENT_PROJECT_VERSION = 1;
				DEVELOPMENT_ASSET_PATHS = "\"Landmarks/Preview Content\"";
				ENABLE_PREVIEWS = YES;
				GENERATE_INFOPLIST_FILE = YES;
				INFOPLIST_KEY_UIApplicationSceneManifest_Generation = YES;
				INFOPLIST_KEY_UIApplicationSupportsIndirectInputEvents = YES;
				INFOPLIST_KEY_UILaunchScreen_Generation = YES;
				INFOPLIST_KEY_UISupportedInterfaceOrientations_iPad = "UIInterfaceOrientationPortrait UIInterfaceOrientationPortraitUpsideDown UIInterfaceOrientationLandscapeLeft UIInterfaceOrientationLandscapeRight";
				INFOPLIST_KEY_UISupportedInterfaceOrientations_iPhone = "UIInterfaceOrientationPortrait UIInterfaceOrientationLandscapeLeft UIInterfaceOrientationLandscapeRight";
				IPHONEOS_DEPLOYMENT_TARGET = 14.0;
				LD_RUNPATH_SEARCH_PATHS = (
					"$(inherited)",
					"@executable_path/Frameworks",
				);
				MARKETING_VERSION = 1.0;
				PRODUCT_BUNDLE_IDENTIFIER = hu.kristof.Landmarks;
				PRODUCT_NAME = "$(TARGET_NAME)";
				SWIFT_EMIT_LOC_STRINGS = YES;
				SWIFT_VERSION = 5.0;
				TARGETED_DEVICE_FAMILY = "1,2";
			};
			name = Debug;
		};
		FFBE70DE2702F16D00A79410 /* Release */ = {
			isa = XCBuildConfiguration;
			buildSettings = {
				ASSETCATALOG_COMPILER_APPICON_NAME = AppIcon;
				ASSETCATALOG_COMPILER_GLOBAL_ACCENT_COLOR_NAME = AccentColor;
				CODE_SIGN_STYLE = Automatic;
				CURRENT_PROJECT_VERSION = 1;
				DEVELOPMENT_ASSET_PATHS = "\"Landmarks/Preview Content\"";
				ENABLE_PREVIEWS = YES;
				GENERATE_INFOPLIST_FILE = YES;
				INFOPLIST_KEY_UIApplicationSceneManifest_Generation = YES;
				INFOPLIST_KEY_UIApplicationSupportsIndirectInputEvents = YES;
				INFOPLIST_KEY_UILaunchScreen_Generation = YES;
				INFOPLIST_KEY_UISupportedInterfaceOrientations_iPad = "UIInterfaceOrientationPortrait UIInterfaceOrientationPortraitUpsideDown UIInterfaceOrientationLandscapeLeft UIInterfaceOrientationLandscapeRight";
				INFOPLIST_KEY_UISupportedInterfaceOrientations_iPhone = "UIInterfaceOrientationPortrait UIInterfaceOrientationLandscapeLeft UIInterfaceOrientationLandscapeRight";
				IPHONEOS_DEPLOYMENT_TARGET = 14.0;
				LD_RUNPATH_SEARCH_PATHS = (
					"$(inherited)",
					"@executable_path/Frameworks",
				);
				MARKETING_VERSION = 1.0;
				PRODUCT_BUNDLE_IDENTIFIER = hu.kristof.Landmarks;
				PRODUCT_NAME = "$(TARGET_NAME)";
				SWIFT_EMIT_LOC_STRINGS = YES;
				SWIFT_VERSION = 5.0;
				TARGETED_DEVICE_FAMILY = "1,2";
			};
			name = Release;
		};
/* End XCBuildConfiguration section */

/* Begin XCConfigurationList section */
		FFBE70C92702F16B00A79410 /* Build configuration list for PBXProject "Landmarks" */ = {
			isa = XCConfigurationList;
			buildConfigurations = (
				FFBE70DA2702F16D00A79410 /* Debug */,
				FFBE70DB2702F16D00A79410 /* Release */,
			);
			defaultConfigurationIsVisible = 0;
			defaultConfigurationName = Release;
		};
		FFBE70DC2702F16D00A79410 /* Build configuration list for PBXNativeTarget "Landmarks" */ = {
			isa = XCConfigurationList;
			buildConfigurations = (
				FFBE70DD2702F16D00A79410 /* Debug */,
				FFBE70DE2702F16D00A79410 /* Release */,
			);
			defaultConfigurationIsVisible = 0;
			defaultConfigurationName = Release;
		};
/* End XCConfigurationList section */
	};
	rootObject = FFBE70C62702F16B00A79410 /* Project object */;
}
